PODS:
  - SSZipArchive (2.1.4)
  - TensorFlowLite (1.10.1)
  - TensorIO (0.2.1):
    - TensorFlowLite

DEPENDENCIES:
  - SSZipArchive
  - TensorIO (from `https://github.com/doc-ai/TensorIO.git`, branch `bundle-validator`)

SPEC REPOS:
  https://github.com/cocoapods/specs.git:
    - SSZipArchive
    - TensorFlowLite

EXTERNAL SOURCES:
  TensorIO:
    :branch: bundle-validator
    :git: https://github.com/doc-ai/TensorIO.git

CHECKOUT OPTIONS:
  TensorIO:
    :commit: 75975ea24c9fcf39168e499b275a97968c238614
    :git: https://github.com/doc-ai/TensorIO.git

SPEC CHECKSUMS:
  SSZipArchive: 41455d4b8d2b6ab93990820b50dc697c2554a322
  TensorFlowLite: 6274f29bbf7e234edb3108f0f32728b5a4d53d77
  TensorIO: 48572597172982da4ccf949364dc3266b025caa8

PODFILE CHECKSUM: 54e85b28abbcf24f4ec4e35662db82ac83a292e4

COCOAPODS: 1.5.3
