PODS:
  - TensorFlowLite (1.10.1)
  - TensorIO (0.2.1):
    - TensorFlowLite

DEPENDENCIES:
  - "TensorIO (from `git@github.com:doc-ai/TensorIO.git`)"

SPEC REPOS:
  https://github.com/cocoapods/specs.git:
    - TensorFlowLite

EXTERNAL SOURCES:
  TensorIO:
    :git: "git@github.com:doc-ai/TensorIO.git"

CHECKOUT OPTIONS:
  TensorIO:
    :commit: 493b5afc024dbe6685ecf72b1c2bd3b479f50da3
    :git: "git@github.com:doc-ai/TensorIO.git"

SPEC CHECKSUMS:
  TensorFlowLite: 6274f29bbf7e234edb3108f0f32728b5a4d53d77
  TensorIO: 2262eb13fe46ef9b01ddf7f5c612946170f341ce

PODFILE CHECKSUM: dbb927de7b8990d05f1a614384b85e031e55ac4f

COCOAPODS: 1.5.3
